
Microsoft Visual Studio Solution File, Format Version 12.00
# Visual Studio Version 16
VisualStudioVersion = 16.0.30011.22
MinimumVisualStudioVersion = 10.0.40219.1
Project("{FAE04EC0-301F-11D3-BF4B-00C04F79EFBC}") = "WebApplication", "WebApplication\WebApplication.csproj", "{F1F187F2-4B6F-48E4-BB77-4F61D3270FF2}"
EndProject
Project("{FAE04EC0-301F-11D3-BF4B-00C04F79EFBC}") = "InfosAboutNba.Data", "InfosAboutNBA.Data\InfosAboutNba.Data.csproj", "{4A41BB78-CBFB-414C-8F0F-544A5D88F582}"
EndProject
Project("{FAE04EC0-301F-11D3-BF4B-00C04F79EFBC}") = "InfosAboutNba.Logic", "InfosAboutNBA.Logic\InfosAboutNba.Logic.csproj", "{2FB9D4F6-8CCA-47F7-B5E9-D409E446A80B}"
EndProject
Project("{FAE04EC0-301F-11D3-BF4B-00C04F79EFBC}") = "InfosAboutNba.Repository", "InfosAboutNba.Repository\InfosAboutNba.Repository.csproj", "{556BF0D6-07CD-4BAE-854B-3B239CB3403C}"
EndProject
Global
	GlobalSection(SolutionConfigurationPlatforms) = preSolution
		Debug|Any CPU = Debug|Any CPU
		Release|Any CPU = Release|Any CPU
	EndGlobalSection
	GlobalSection(ProjectConfigurationPlatforms) = postSolution
		{F1F187F2-4B6F-48E4-BB77-4F61D3270FF2}.Debug|Any CPU.ActiveCfg = Debug|Any CPU
		{F1F187F2-4B6F-48E4-BB77-4F61D3270FF2}.Debug|Any CPU.Build.0 = Debug|Any CPU
		{F1F187F2-4B6F-48E4-BB77-4F61D3270FF2}.Release|Any CPU.ActiveCfg = Release|Any CPU
		{F1F187F2-4B6F-48E4-BB77-4F61D3270FF2}.Release|Any CPU.Build.0 = Release|Any CPU
		{4A41BB78-CBFB-414C-8F0F-544A5D88F582}.Debug|Any CPU.ActiveCfg = Debug|Any CPU
		{4A41BB78-CBFB-414C-8F0F-544A5D88F582}.Debug|Any CPU.Build.0 = Debug|Any CPU
		{4A41BB78-CBFB-414C-8F0F-544A5D88F582}.Release|Any CPU.ActiveCfg = Release|Any CPU
		{4A41BB78-CBFB-414C-8F0F-544A5D88F582}.Release|Any CPU.Build.0 = Release|Any CPU
		{2FB9D4F6-8CCA-47F7-B5E9-D409E446A80B}.Debug|Any CPU.ActiveCfg = Debug|Any CPU
		{2FB9D4F6-8CCA-47F7-B5E9-D409E446A80B}.Debug|Any CPU.Build.0 = Debug|Any CPU
		{2FB9D4F6-8CCA-47F7-B5E9-D409E446A80B}.Release|Any CPU.ActiveCfg = Release|Any CPU
		{2FB9D4F6-8CCA-47F7-B5E9-D409E446A80B}.Release|Any CPU.Build.0 = Release|Any CPU
		{556BF0D6-07CD-4BAE-854B-3B239CB3403C}.Debug|Any CPU.ActiveCfg = Debug|Any CPU
		{556BF0D6-07CD-4BAE-854B-3B239CB3403C}.Debug|Any CPU.Build.0 = Debug|Any CPU
		{556BF0D6-07CD-4BAE-854B-3B239CB3403C}.Release|Any CPU.ActiveCfg = Release|Any CPU
		{556BF0D6-07CD-4BAE-854B-3B239CB3403C}.Release|Any CPU.Build.0 = Release|Any CPU
	EndGlobalSection
	GlobalSection(SolutionProperties) = preSolution
		HideSolutionNode = FALSE
	EndGlobalSection
	GlobalSection(ExtensibilityGlobals) = postSolution
		SolutionGuid = {9C4E185F-A157-4774-A802-1EAD58FB3D07}
	EndGlobalSection
EndGlobal
